# THIS IS AN AUTOGENERATED FILE. DO NOT EDIT THIS FILE DIRECTLY.
# yarn lockfile v1


luamin@^1.0.4:
  version "1.0.4"
  resolved "https://registry.yarnpkg.com/luamin/-/luamin-1.0.4.tgz#944529b58fc6fa4d31eace2e0353d41210f0e3d3"
  integrity sha1-lEUptY/G+k0x6s4uA1PUEhDw49M=
  dependencies:
    luaparse "^0.2.1"

luaparse@^0.2.1:
  version "0.2.1"
  resolved "https://registry.yarnpkg.com/luaparse/-/luaparse-0.2.1.tgz#aa8f56132b0de97d37f3c991a9df42e0e17f656c"
  integrity sha1-qo9WEysN6X0388mRqd9C4OF/ZWw=
